{
  "originHash" : "fafc71709cd65754f4ed42cb4b66bfc182a46506ffe8d35ab8c4df39f60a838e",
  "pins" : [
    {
      "identity" : "jww-standard-lib",
      "kind" : "remoteSourceControl",
      "location" : "https://github.com/justin/jww-standard-lib.git",
      "state" : {
        "revision" : "fd9862387bdecfd1527c1b9265754b57f1827c73",
        "version" : "1.3.0"
      }
    },
    {
      "identity" : "swiftlintplugins",
      "kind" : "remoteSourceControl",
      "location" : "https://github.com/SimplyDanny/SwiftLintPlugins",
      "state" : {
        "revision" : "8a4640d14777685ba8f14e832373160498fbab92",
        "version" : "0.63.2"
      }
    }
  ],
  "version" : 3
}
